
Microsoft Visual Studio Solution File, Format Version 12.00
# Visual Studio Version 16
VisualStudioVersion = 16.0.29403.142
MinimumVisualStudioVersion = 10.0.40219.1
Project("{FAE04EC0-301F-11D3-BF4B-00C04F79EFBC}") = "Calc", "Calc\Calc.csproj", "{7363B76B-043D-4690-83FA-CF50C0FDFA89}"
EndProject
Global
	GlobalSection(SolutionConfigurationPlatforms) = preSolution
		Debug|Any CPU = Debug|Any CPU
		Release|Any CPU = Release|Any CPU
	EndGlobalSection
	GlobalSection(ProjectConfigurationPlatforms) = postSolution
		{7363B76B-043D-4690-83FA-CF50C0FDFA89}.Debug|Any CPU.ActiveCfg = Debug|Any CPU
		{7363B76B-043D-4690-83FA-CF50C0FDFA89}.Debug|Any CPU.Build.0 = Debug|Any CPU
		{7363B76B-043D-4690-83FA-CF50C0FDFA89}.Release|Any CPU.ActiveCfg = Release|Any CPU
		{7363B76B-043D-4690-83FA-CF50C0FDFA89}.Release|Any CPU.Build.0 = Release|Any CPU
	EndGlobalSection
	GlobalSection(SolutionProperties) = preSolution
		HideSolutionNode = FALSE
	EndGlobalSection
	GlobalSection(ExtensibilityGlobals) = postSolution
		SolutionGuid = {B88A4E50-FDE2-4E70-8B4F-E4FB083D957B}
	EndGlobalSection
EndGlobal
